
Microsoft Visual Studio Solution File, Format Version 12.00
# Visual Studio Version 16
VisualStudioVersion = 16.0.28917.182
MinimumVisualStudioVersion = 10.0.40219.1
Project("{9A19103F-16F7-4668-BE54-9A1E7A4F7556}") = "InteropConsole", "InteropConsole\InteropConsole.csproj", "{0720BD58-0EFD-40A9-9885-6B20489E68CF}"
EndProject
Project("{8BC9CEB8-8B4A-11D0-8D11-00A0C91BC942}") = "NativeLoader", "NativeLoader\NativeLoader.vcxproj", "{C3EC5D2F-BE6D-4B6F-B54C-6A99359CC13F}"
EndProject
Project("{FAE04EC0-301F-11D3-BF4B-00C04F79EFBC}") = "Master", "PipesDemoSolution\Master\Master.csproj", "{1372B53B-8711-4B0D-80DB-BD214759535F}"
EndProject
Project("{9A19103F-16F7-4668-BE54-9A1E7A4F7556}") = "PipeChainConsole", "PipesDemoSolution\PipeChainConsole\PipeChainConsole.csproj", "{92A431C7-ACCC-44DB-8F72-ED4E558CB9BD}"
EndProject
Project("{9A19103F-16F7-4668-BE54-9A1E7A4F7556}") = "PipeHelpers", "PipesDemoSolution\PipeHelpers\PipeHelpers.csproj", "{9BF111B0-3880-4EB5-A8FC-2405D584D389}"
EndProject
Project("{9A19103F-16F7-4668-BE54-9A1E7A4F7556}") = "Slave", "PipesDemoSolution\Slave\Slave.csproj", "{9F710146-B2DE-4CD8-91C5-78A5BB14E2B4}"
EndProject
Project("{2150E333-8FDC-42A3-9474-1A3956D46DE8}") = "Interop", "Interop", "{4515B23D-CC51-4A90-8BC1-4BEB0C36F769}"
EndProject
Project("{2150E333-8FDC-42A3-9474-1A3956D46DE8}") = "Pipes", "Pipes", "{7D38AED2-B7CB-4B6D-96ED-2C6F2F6E3A81}"
EndProject
Global
	GlobalSection(SolutionConfigurationPlatforms) = preSolution
		Debug|Any CPU = Debug|Any CPU
		Debug|x64 = Debug|x64
		Debug|x86 = Debug|x86
		Release|Any CPU = Release|Any CPU
		Release|x64 = Release|x64
		Release|x86 = Release|x86
	EndGlobalSection
	GlobalSection(ProjectConfigurationPlatforms) = postSolution
		{0720BD58-0EFD-40A9-9885-6B20489E68CF}.Debug|Any CPU.ActiveCfg = Debug|Any CPU
		{0720BD58-0EFD-40A9-9885-6B20489E68CF}.Debug|Any CPU.Build.0 = Debug|Any CPU
		{0720BD58-0EFD-40A9-9885-6B20489E68CF}.Debug|x64.ActiveCfg = Debug|Any CPU
		{0720BD58-0EFD-40A9-9885-6B20489E68CF}.Debug|x64.Build.0 = Debug|Any CPU
		{0720BD58-0EFD-40A9-9885-6B20489E68CF}.Debug|x86.ActiveCfg = Debug|x86
		{0720BD58-0EFD-40A9-9885-6B20489E68CF}.Debug|x86.Build.0 = Debug|x86
		{0720BD58-0EFD-40A9-9885-6B20489E68CF}.Release|Any CPU.ActiveCfg = Release|Any CPU
		{0720BD58-0EFD-40A9-9885-6B20489E68CF}.Release|Any CPU.Build.0 = Release|Any CPU
		{0720BD58-0EFD-40A9-9885-6B20489E68CF}.Release|x64.ActiveCfg = Release|Any CPU
		{0720BD58-0EFD-40A9-9885-6B20489E68CF}.Release|x64.Build.0 = Release|Any CPU
		{0720BD58-0EFD-40A9-9885-6B20489E68CF}.Release|x86.ActiveCfg = Release|x86
		{0720BD58-0EFD-40A9-9885-6B20489E68CF}.Release|x86.Build.0 = Release|x86
		{C3EC5D2F-BE6D-4B6F-B54C-6A99359CC13F}.Debug|Any CPU.ActiveCfg = Debug|Win32
		{C3EC5D2F-BE6D-4B6F-B54C-6A99359CC13F}.Debug|x64.ActiveCfg = Debug|x64
		{C3EC5D2F-BE6D-4B6F-B54C-6A99359CC13F}.Debug|x64.Build.0 = Debug|x64
		{C3EC5D2F-BE6D-4B6F-B54C-6A99359CC13F}.Debug|x86.ActiveCfg = Debug|Win32
		{C3EC5D2F-BE6D-4B6F-B54C-6A99359CC13F}.Debug|x86.Build.0 = Debug|Win32
		{C3EC5D2F-BE6D-4B6F-B54C-6A99359CC13F}.Release|Any CPU.ActiveCfg = Release|Win32
		{C3EC5D2F-BE6D-4B6F-B54C-6A99359CC13F}.Release|x64.ActiveCfg = Release|x64
		{C3EC5D2F-BE6D-4B6F-B54C-6A99359CC13F}.Release|x64.Build.0 = Release|x64
		{C3EC5D2F-BE6D-4B6F-B54C-6A99359CC13F}.Release|x86.ActiveCfg = Release|Win32
		{C3EC5D2F-BE6D-4B6F-B54C-6A99359CC13F}.Release|x86.Build.0 = Release|Win32
		{1372B53B-8711-4B0D-80DB-BD214759535F}.Debug|Any CPU.ActiveCfg = Debug|Any CPU
		{1372B53B-8711-4B0D-80DB-BD214759535F}.Debug|Any CPU.Build.0 = Debug|Any CPU
		{1372B53B-8711-4B0D-80DB-BD214759535F}.Debug|x64.ActiveCfg = Debug|Any CPU
		{1372B53B-8711-4B0D-80DB-BD214759535F}.Debug|x64.Build.0 = Debug|Any CPU
		{1372B53B-8711-4B0D-80DB-BD214759535F}.Debug|x86.ActiveCfg = Debug|Any CPU
		{1372B53B-8711-4B0D-80DB-BD214759535F}.Debug|x86.Build.0 = Debug|Any CPU
		{1372B53B-8711-4B0D-80DB-BD214759535F}.Release|Any CPU.ActiveCfg = Release|Any CPU
		{1372B53B-8711-4B0D-80DB-BD214759535F}.Release|Any CPU.Build.0 = Release|Any CPU
		{1372B53B-8711-4B0D-80DB-BD214759535F}.Release|x64.ActiveCfg = Release|Any CPU
		{1372B53B-8711-4B0D-80DB-BD214759535F}.Release|x64.Build.0 = Release|Any CPU
		{1372B53B-8711-4B0D-80DB-BD214759535F}.Release|x86.ActiveCfg = Release|Any CPU
		{1372B53B-8711-4B0D-80DB-BD214759535F}.Release|x86.Build.0 = Release|Any CPU
		{92A431C7-ACCC-44DB-8F72-ED4E558CB9BD}.Debug|Any CPU.ActiveCfg = Debug|Any CPU
		{92A431C7-ACCC-44DB-8F72-ED4E558CB9BD}.Debug|Any CPU.Build.0 = Debug|Any CPU
		{92A431C7-ACCC-44DB-8F72-ED4E558CB9BD}.Debug|x64.ActiveCfg = Debug|Any CPU
		{92A431C7-ACCC-44DB-8F72-ED4E558CB9BD}.Debug|x64.Build.0 = Debug|Any CPU
		{92A431C7-ACCC-44DB-8F72-ED4E558CB9BD}.Debug|x86.ActiveCfg = Debug|Any CPU
		{92A431C7-ACCC-44DB-8F72-ED4E558CB9BD}.Debug|x86.Build.0 = Debug|Any CPU
		{92A431C7-ACCC-44DB-8F72-ED4E558CB9BD}.Release|Any CPU.ActiveCfg = Release|Any CPU
		{92A431C7-ACCC-44DB-8F72-ED4E558CB9BD}.Release|Any CPU.Build.0 = Release|Any CPU
		{92A431C7-ACCC-44DB-8F72-ED4E558CB9BD}.Release|x64.ActiveCfg = Release|Any CPU
		{92A431C7-ACCC-44DB-8F72-ED4E558CB9BD}.Release|x64.Build.0 = Release|Any CPU
		{92A431C7-ACCC-44DB-8F72-ED4E558CB9BD}.Release|x86.ActiveCfg = Release|Any CPU
		{92A431C7-ACCC-44DB-8F72-ED4E558CB9BD}.Release|x86.Build.0 = Release|Any CPU
		{9BF111B0-3880-4EB5-A8FC-2405D584D389}.Debug|Any CPU.ActiveCfg = Debug|Any CPU
		{9BF111B0-3880-4EB5-A8FC-2405D584D389}.Debug|Any CPU.Build.0 = Debug|Any CPU
		{9BF111B0-3880-4EB5-A8FC-2405D584D389}.Debug|x64.ActiveCfg = Debug|Any CPU
		{9BF111B0-3880-4EB5-A8FC-2405D584D389}.Debug|x64.Build.0 = Debug|Any CPU
		{9BF111B0-3880-4EB5-A8FC-2405D584D389}.Debug|x86.ActiveCfg = Debug|Any CPU
		{9BF111B0-3880-4EB5-A8FC-2405D584D389}.Debug|x86.Build.0 = Debug|Any CPU
		{9BF111B0-3880-4EB5-A8FC-2405D584D389}.Release|Any CPU.ActiveCfg = Release|Any CPU
		{9BF111B0-3880-4EB5-A8FC-2405D584D389}.Release|Any CPU.Build.0 = Release|Any CPU
		{9BF111B0-3880-4EB5-A8FC-2405D584D389}.Release|x64.ActiveCfg = Release|Any CPU
		{9BF111B0-3880-4EB5-A8FC-2405D584D389}.Release|x64.Build.0 = Release|Any CPU
		{9BF111B0-3880-4EB5-A8FC-2405D584D389}.Release|x86.ActiveCfg = Release|Any CPU
		{9BF111B0-3880-4EB5-A8FC-2405D584D389}.Release|x86.Build.0 = Release|Any CPU
		{9F710146-B2DE-4CD8-91C5-78A5BB14E2B4}.Debug|Any CPU.ActiveCfg = Debug|Any CPU
		{9F710146-B2DE-4CD8-91C5-78A5BB14E2B4}.Debug|Any CPU.Build.0 = Debug|Any CPU
		{9F710146-B2DE-4CD8-91C5-78A5BB14E2B4}.Debug|x64.ActiveCfg = Debug|Any CPU
		{9F710146-B2DE-4CD8-91C5-78A5BB14E2B4}.Debug|x64.Build.0 = Debug|Any CPU
		{9F710146-B2DE-4CD8-91C5-78A5BB14E2B4}.Debug|x86.ActiveCfg = Debug|Any CPU
		{9F710146-B2DE-4CD8-91C5-78A5BB14E2B4}.Debug|x86.Build.0 = Debug|Any CPU
		{9F710146-B2DE-4CD8-91C5-78A5BB14E2B4}.Release|Any CPU.ActiveCfg = Release|Any CPU
		{9F710146-B2DE-4CD8-91C5-78A5BB14E2B4}.Release|Any CPU.Build.0 = Release|Any CPU
		{9F710146-B2DE-4CD8-91C5-78A5BB14E2B4}.Release|x64.ActiveCfg = Release|Any CPU
		{9F710146-B2DE-4CD8-91C5-78A5BB14E2B4}.Release|x64.Build.0 = Release|Any CPU
		{9F710146-B2DE-4CD8-91C5-78A5BB14E2B4}.Release|x86.ActiveCfg = Release|Any CPU
		{9F710146-B2DE-4CD8-91C5-78A5BB14E2B4}.Release|x86.Build.0 = Release|Any CPU
	EndGlobalSection
	GlobalSection(SolutionProperties) = preSolution
		HideSolutionNode = FALSE
	EndGlobalSection
	GlobalSection(NestedProjects) = preSolution
		{0720BD58-0EFD-40A9-9885-6B20489E68CF} = {4515B23D-CC51-4A90-8BC1-4BEB0C36F769}
		{C3EC5D2F-BE6D-4B6F-B54C-6A99359CC13F} = {4515B23D-CC51-4A90-8BC1-4BEB0C36F769}
		{1372B53B-8711-4B0D-80DB-BD214759535F} = {7D38AED2-B7CB-4B6D-96ED-2C6F2F6E3A81}
		{92A431C7-ACCC-44DB-8F72-ED4E558CB9BD} = {7D38AED2-B7CB-4B6D-96ED-2C6F2F6E3A81}
		{9BF111B0-3880-4EB5-A8FC-2405D584D389} = {7D38AED2-B7CB-4B6D-96ED-2C6F2F6E3A81}
		{9F710146-B2DE-4CD8-91C5-78A5BB14E2B4} = {7D38AED2-B7CB-4B6D-96ED-2C6F2F6E3A81}
	EndGlobalSection
	GlobalSection(ExtensibilityGlobals) = postSolution
		SolutionGuid = {29DAF888-A6CE-49AD-8B6E-51DE3846A222}
	EndGlobalSection
EndGlobal
